
Microsoft Visual Studio Solution File, Format Version 12.00
# Visual Studio Version 17
VisualStudioVersion = 17.5.002.0
MinimumVisualStudioVersion = 10.0.40219.1
Project("{FAE04EC0-301F-11D3-BF4B-00C04F79EFBC}") = "Prism", "Prism\Prism.csproj", "{75C3B126-A8B2-4870-A9E7-961DA55B7348}"
EndProject
Project("{FAE04EC0-301F-11D3-BF4B-00C04F79EFBC}") = "Specter", "Specter\Specter.csproj", "{0F23616F-9BEC-4917-A1F8-C055DCEEDE7E}"
EndProject
Project("{2150E333-8FDC-42A3-9474-1A3956D46DE8}") = "Tests", "Tests", "{DF1EFEC2-99BE-4320-B29C-2E26656E3672}"
EndProject
Project("{FAE04EC0-301F-11D3-BF4B-00C04F79EFBC}") = "SpecterTest", "Tests\Specter\SpecterTest.csproj", "{E899571F-B22E-49FC-8C9C-4BA68C1C0C5A}"
EndProject
Project("{2150E333-8FDC-42A3-9474-1A3956D46DE8}") = "Prism", "Prism", "{F74C5C73-34E5-472C-B79F-44934FAA2725}"
EndProject
Project("{2150E333-8FDC-42A3-9474-1A3956D46DE8}") = "Prism", "Prism", "{EF0765F6-148A-4E1F-A1F9-8556901A3336}"
EndProject
Project("{FAE04EC0-301F-11D3-BF4B-00C04F79EFBC}") = "PrismServerTest", "Tests\Prism\Server\PrismServerTest.csproj", "{29F19907-BF89-4124-A389-5B36A4C6F581}"
EndProject
Project("{FAE04EC0-301F-11D3-BF4B-00C04F79EFBC}") = "PrismClientTest", "Tests\Prism\Client\PrismClientTest.csproj", "{34F36332-1DEF-4273-98A5-5EB3A2EB956F}"
EndProject
Global
	GlobalSection(SolutionConfigurationPlatforms) = preSolution
		Debug|Any CPU = Debug|Any CPU
		Release|Any CPU = Release|Any CPU
	EndGlobalSection
	GlobalSection(ProjectConfigurationPlatforms) = postSolution
		{75C3B126-A8B2-4870-A9E7-961DA55B7348}.Debug|Any CPU.ActiveCfg = Debug|Any CPU
		{75C3B126-A8B2-4870-A9E7-961DA55B7348}.Debug|Any CPU.Build.0 = Debug|Any CPU
		{75C3B126-A8B2-4870-A9E7-961DA55B7348}.Release|Any CPU.ActiveCfg = Release|Any CPU
		{75C3B126-A8B2-4870-A9E7-961DA55B7348}.Release|Any CPU.Build.0 = Release|Any CPU
		{0F23616F-9BEC-4917-A1F8-C055DCEEDE7E}.Debug|Any CPU.ActiveCfg = Debug|Any CPU
		{0F23616F-9BEC-4917-A1F8-C055DCEEDE7E}.Debug|Any CPU.Build.0 = Debug|Any CPU
		{0F23616F-9BEC-4917-A1F8-C055DCEEDE7E}.Release|Any CPU.ActiveCfg = Release|Any CPU
		{0F23616F-9BEC-4917-A1F8-C055DCEEDE7E}.Release|Any CPU.Build.0 = Release|Any CPU
		{E899571F-B22E-49FC-8C9C-4BA68C1C0C5A}.Debug|Any CPU.ActiveCfg = Debug|Any CPU
		{E899571F-B22E-49FC-8C9C-4BA68C1C0C5A}.Debug|Any CPU.Build.0 = Debug|Any CPU
		{E899571F-B22E-49FC-8C9C-4BA68C1C0C5A}.Release|Any CPU.ActiveCfg = Release|Any CPU
		{E899571F-B22E-49FC-8C9C-4BA68C1C0C5A}.Release|Any CPU.Build.0 = Release|Any CPU
		{29F19907-BF89-4124-A389-5B36A4C6F581}.Debug|Any CPU.ActiveCfg = Debug|Any CPU
		{29F19907-BF89-4124-A389-5B36A4C6F581}.Debug|Any CPU.Build.0 = Debug|Any CPU
		{29F19907-BF89-4124-A389-5B36A4C6F581}.Release|Any CPU.ActiveCfg = Release|Any CPU
		{29F19907-BF89-4124-A389-5B36A4C6F581}.Release|Any CPU.Build.0 = Release|Any CPU
		{34F36332-1DEF-4273-98A5-5EB3A2EB956F}.Debug|Any CPU.ActiveCfg = Debug|Any CPU
		{34F36332-1DEF-4273-98A5-5EB3A2EB956F}.Debug|Any CPU.Build.0 = Debug|Any CPU
		{34F36332-1DEF-4273-98A5-5EB3A2EB956F}.Release|Any CPU.ActiveCfg = Release|Any CPU
		{34F36332-1DEF-4273-98A5-5EB3A2EB956F}.Release|Any CPU.Build.0 = Release|Any CPU
	EndGlobalSection
	GlobalSection(SolutionProperties) = preSolution
		HideSolutionNode = FALSE
	EndGlobalSection
	GlobalSection(ExtensibilityGlobals) = postSolution
		SolutionGuid = {01A6B774-7E39-4F70-B6D9-7DA68C7256A8}
	EndGlobalSection
	GlobalSection(NestedProjects) = preSolution
		{E899571F-B22E-49FC-8C9C-4BA68C1C0C5A} = {DF1EFEC2-99BE-4320-B29C-2E26656E3672}
		{75C3B126-A8B2-4870-A9E7-961DA55B7348} = {F74C5C73-34E5-472C-B79F-44934FAA2725}
		{EF0765F6-148A-4E1F-A1F9-8556901A3336} = {DF1EFEC2-99BE-4320-B29C-2E26656E3672}
		{29F19907-BF89-4124-A389-5B36A4C6F581} = {EF0765F6-148A-4E1F-A1F9-8556901A3336}
		{34F36332-1DEF-4273-98A5-5EB3A2EB956F} = {EF0765F6-148A-4E1F-A1F9-8556901A3336}
	EndGlobalSection
EndGlobal
