
Microsoft Visual Studio Solution File, Format Version 12.00
# Visual Studio Version 17
VisualStudioVersion = 17.5.002.0
MinimumVisualStudioVersion = 10.0.40219.1
Project("{9A19103F-16F7-4668-BE54-9A1E7A4F7556}") = "Specter", "Specter.csproj", "{03977FAD-6E3F-4D72-B117-7BEA06B89CAF}"
EndProject
Project("{FAE04EC0-301F-11D3-BF4B-00C04F79EFBC}") = "SpecterTesting", "..\SpecterTesting\SpecterTesting.csproj", "{65D5619D-2CB9-4666-AE6A-37431FD62FCD}"
EndProject
Global
	GlobalSection(SolutionConfigurationPlatforms) = preSolution
		Debug|Any CPU = Debug|Any CPU
		Release|Any CPU = Release|Any CPU
	EndGlobalSection
	GlobalSection(ProjectConfigurationPlatforms) = postSolution
		{03977FAD-6E3F-4D72-B117-7BEA06B89CAF}.Debug|Any CPU.ActiveCfg = Debug|Any CPU
		{03977FAD-6E3F-4D72-B117-7BEA06B89CAF}.Debug|Any CPU.Build.0 = Debug|Any CPU
		{03977FAD-6E3F-4D72-B117-7BEA06B89CAF}.Release|Any CPU.ActiveCfg = Release|Any CPU
		{03977FAD-6E3F-4D72-B117-7BEA06B89CAF}.Release|Any CPU.Build.0 = Release|Any CPU
		{65D5619D-2CB9-4666-AE6A-37431FD62FCD}.Debug|Any CPU.ActiveCfg = Debug|Any CPU
		{65D5619D-2CB9-4666-AE6A-37431FD62FCD}.Debug|Any CPU.Build.0 = Debug|Any CPU
		{65D5619D-2CB9-4666-AE6A-37431FD62FCD}.Release|Any CPU.ActiveCfg = Release|Any CPU
		{65D5619D-2CB9-4666-AE6A-37431FD62FCD}.Release|Any CPU.Build.0 = Release|Any CPU
	EndGlobalSection
	GlobalSection(SolutionProperties) = preSolution
		HideSolutionNode = FALSE
	EndGlobalSection
	GlobalSection(ExtensibilityGlobals) = postSolution
		SolutionGuid = {01A6B774-7E39-4F70-B6D9-7DA68C7256A8}
	EndGlobalSection
EndGlobal
