
Microsoft Visual Studio Solution File, Format Version 12.00
# Visual Studio Version 17
VisualStudioVersion = 17.5.002.0
MinimumVisualStudioVersion = 10.0.40219.1
Project("{FAE04EC0-301F-11D3-BF4B-00C04F79EFBC}") = "Specter", "Specter\Specter.csproj", "{35EAEC3F-8253-4C31-AC05-A89A5CDDAA30}"
EndProject
Project("{FAE04EC0-301F-11D3-BF4B-00C04F79EFBC}") = "Prism", "Prism\Prism.csproj", "{71719323-5092-4059-AB37-F345C1B8FBF3}"
EndProject
Project("{2150E333-8FDC-42A3-9474-1A3956D46DE8}") = "Specter", "Specter", "{E80B8EEB-4D2B-480A-9428-23D78195577C}"
EndProject
Project("{FAE04EC0-301F-11D3-BF4B-00C04F79EFBC}") = "SpecterTest", "Tests\Specter/SpecterTest.csproj", "{EFACA8B5-1085-4FE3-8E03-4B1BC99CE586}"
EndProject
Global
	GlobalSection(SolutionConfigurationPlatforms) = preSolution
		Debug|Any CPU = Debug|Any CPU
		Release|Any CPU = Release|Any CPU
	EndGlobalSection
	GlobalSection(ProjectConfigurationPlatforms) = postSolution
		{35EAEC3F-8253-4C31-AC05-A89A5CDDAA30}.Debug|Any CPU.ActiveCfg = Debug|Any CPU
		{35EAEC3F-8253-4C31-AC05-A89A5CDDAA30}.Debug|Any CPU.Build.0 = Debug|Any CPU
		{35EAEC3F-8253-4C31-AC05-A89A5CDDAA30}.Release|Any CPU.ActiveCfg = Release|Any CPU
		{35EAEC3F-8253-4C31-AC05-A89A5CDDAA30}.Release|Any CPU.Build.0 = Release|Any CPU
		{71719323-5092-4059-AB37-F345C1B8FBF3}.Debug|Any CPU.ActiveCfg = Debug|Any CPU
		{71719323-5092-4059-AB37-F345C1B8FBF3}.Debug|Any CPU.Build.0 = Debug|Any CPU
		{71719323-5092-4059-AB37-F345C1B8FBF3}.Release|Any CPU.ActiveCfg = Release|Any CPU
		{71719323-5092-4059-AB37-F345C1B8FBF3}.Release|Any CPU.Build.0 = Release|Any CPU
		{EFACA8B5-1085-4FE3-8E03-4B1BC99CE586}.Debug|Any CPU.ActiveCfg = Debug|Any CPU
		{EFACA8B5-1085-4FE3-8E03-4B1BC99CE586}.Debug|Any CPU.Build.0 = Debug|Any CPU
		{EFACA8B5-1085-4FE3-8E03-4B1BC99CE586}.Release|Any CPU.ActiveCfg = Release|Any CPU
		{EFACA8B5-1085-4FE3-8E03-4B1BC99CE586}.Release|Any CPU.Build.0 = Release|Any CPU
	EndGlobalSection
	GlobalSection(SolutionProperties) = preSolution
		HideSolutionNode = FALSE
	EndGlobalSection
	GlobalSection(NestedProjects) = preSolution
		{35EAEC3F-8253-4C31-AC05-A89A5CDDAA30} = {E80B8EEB-4D2B-480A-9428-23D78195577C}
		{EFACA8B5-1085-4FE3-8E03-4B1BC99CE586} = {E80B8EEB-4D2B-480A-9428-23D78195577C}
	EndGlobalSection
	GlobalSection(ExtensibilityGlobals) = postSolution
		SolutionGuid = {01A6B774-7E39-4F70-B6D9-7DA68C7256A8}
	EndGlobalSection
EndGlobal
